# Code generated by scarb DO NOT EDIT.
version = 1

[[package]]
name = "dojo"
version = "0.3.10"
source = "git+https://github.com/dojoengine/dojo?tag=v0.3.10#be1676252c41f8188465741edcbcb381d2c12080"
dependencies = [
 "dojo_plugin",
]

[[package]]
name = "dojo_plugin"
version = "0.3.10"

[[package]]
name = "mlchess"
version = "0.1.1"
dependencies = [
 "pixelaw",
]

[[package]]
name = "pixelaw"
version = "0.1.0"
source = "git+https://github.com/pixelaw/core?branch=main#0c4f515160311689ae826be3dd0942bebef778ac"
dependencies = [
 "dojo",
]
